data_root: /home/eva_share/datasets/
float_epoch: 1
print_freq: 50
NETWORK: 
    batchnorm: true
    quantize: true
    q_cfg:
        bw:
            - 8
            - 8
            - 8
        stochastic: true
        qfirst: false
        group:
            - false
            - false
            - false
        level:
            - 0
            - 0
            - 0
        hard: pow
TRAIN: 
    epoch: 181
    learning_rate: 
        - 0.1
        - 0.01
        - 0.001
        - 0.0005
    decay_step:
        - 0
        - 81
        - 122
        - 163
LOG:
    frequent: 30
    types:
        - a
        - e
        - w
        - g
