data_root: /home/eva_share/datasets/
float_epoch: 1
print_freq: 50
NETWORK: 
    depth: 20
    num_classes: 10
    batchnorm: true
    quantize: true
    q_cfg:
        bw:
            - 4
            - 4
            - 4
        stochastic: false
        qfirst: false
        group: 
            - nc
            - n
            - nc
        level:
            - 1
            - 1
            - 1
        hard: pows
TRAIN: 
    epoch: 181
    optimizer: SGDm
    learning_rate: 
        - 0.1
        - 0.01
        - 0.001
        - 0.0005
    decay_step:
        - 0
        - 81
        - 122
        - 163
    weight_decay: 0.0005
    momentum: 0.9
DATA:
    batch_size: 128
    num_works: 8
    valid_batch_size: 128
    valid_num_works: 8
LOG:
    frequent: 30
    types:
        - e
        - a
        - w
        - g
